{
  "name": "sigkhycrace",
  "version": "0.1",
  "lockfileVersion": 3,
  "requires": true,
  "packages": {
    "": {
      "name": "sigkhycrace",
      "version": "0.1",
      "dependencies": {
        "sigkhycrace": "github:markdeegan/sigk-hyc-race"
      }
    },
    "node_modules/sigkhycrace": {
      "version": "0.1",
      "resolved": "git+ssh://git@github.com/markdeegan/sigk-hyc-race.git#1935503086002371cdb27f702023c7f9b901f13e"
    }
  }
}
